Microsoft Visual Studio Solution File, Format Version 11.00
# Visual Studio 2008

Project("{94643571-706C-ED23-2C9F-2511ECFB2719}") = "ExoticParticlesMatter", "Assembly-CSharp.csproj", "{0FE1735F-1BCC-6007-0C24-6C6B8DAE5F7C}"
EndProject
Global
	GlobalSection(SolutionConfigurationPlatforms) = preSolution
		Debug|Any CPU = Debug|Any CPU
		Release|Any CPU = Release|Any CPU
	EndGlobalSection
	GlobalSection(ProjectConfigurationPlatforms) = postSolution
		{0FE1735F-1BCC-6007-0C24-6C6B8DAE5F7C}.Debug|Any CPU.ActiveCfg = Debug|Any CPU
		{0FE1735F-1BCC-6007-0C24-6C6B8DAE5F7C}.Debug|Any CPU.Build.0 = Debug|Any CPU
		{0FE1735F-1BCC-6007-0C24-6C6B8DAE5F7C}.Release|Any CPU.ActiveCfg = Release|Any CPU
		{0FE1735F-1BCC-6007-0C24-6C6B8DAE5F7C}.Release|Any CPU.Build.0 = Release|Any CPU
	EndGlobalSection
	GlobalSection(SolutionProperties) = preSolution
		HideSolutionNode = FALSE
	EndGlobalSection
	GlobalSection(MonoDevelopProperties) = preSolution
		StartupItem = Assembly-CSharp.csproj
	EndGlobalSection
EndGlobal
