Microsoft Visual Studio Solution File, Format Version 11.00
# Visual Studio 2008

Project("{94B25EE5-41A8-6C6B-E1DE-AFD73639C069}") = "2DRpgTest", "Assembly-CSharp.csproj", "{641A534D-D7C6-9122-6BC0-6C795D6E03A0}"
EndProject
Global
	GlobalSection(SolutionConfigurationPlatforms) = preSolution
		Debug|Any CPU = Debug|Any CPU
		Release|Any CPU = Release|Any CPU
	EndGlobalSection
	GlobalSection(ProjectConfigurationPlatforms) = postSolution
		{641A534D-D7C6-9122-6BC0-6C795D6E03A0}.Debug|Any CPU.ActiveCfg = Debug|Any CPU
		{641A534D-D7C6-9122-6BC0-6C795D6E03A0}.Debug|Any CPU.Build.0 = Debug|Any CPU
		{641A534D-D7C6-9122-6BC0-6C795D6E03A0}.Release|Any CPU.ActiveCfg = Release|Any CPU
		{641A534D-D7C6-9122-6BC0-6C795D6E03A0}.Release|Any CPU.Build.0 = Release|Any CPU
	EndGlobalSection
	GlobalSection(SolutionProperties) = preSolution
		HideSolutionNode = FALSE
	EndGlobalSection
	GlobalSection(MonoDevelopProperties) = preSolution
		StartupItem = Assembly-CSharp.csproj
	EndGlobalSection
EndGlobal
